# @generated - this file is auto-generated by `mise lock` https://mise.jdx.dev/dev-tools/mise-lock.html

[[tools.uv]]
version = "0.11.13"
backend = "aqua:astral-sh/uv"

[tools.uv."platforms.linux-arm64"]
checksum = "sha256:bea8a97b1b3ed41491e075c1f474e7f0249582aa3f62849c4e874b5f34ddc95e"
url = "https://github.com/astral-sh/uv/releases/download/0.11.13/uv-aarch64-unknown-linux-musl.tar.gz"
provenance = "github-attestations"

[tools.uv."platforms.linux-arm64-musl"]
checksum = "sha256:bea8a97b1b3ed41491e075c1f474e7f0249582aa3f62849c4e874b5f34ddc95e"
url = "https://github.com/astral-sh/uv/releases/download/0.11.13/uv-aarch64-unknown-linux-musl.tar.gz"
provenance = "github-attestations"

[tools.uv."platforms.linux-x64"]
checksum = "sha256:5635afc285df86ce6f05f3f22335f9548b0026e58531904482c9670a1c1c65d9"
url = "https://github.com/astral-sh/uv/releases/download/0.11.13/uv-x86_64-unknown-linux-musl.tar.gz"
provenance = "github-attestations"

[tools.uv."platforms.linux-x64-musl"]
checksum = "sha256:5635afc285df86ce6f05f3f22335f9548b0026e58531904482c9670a1c1c65d9"
url = "https://github.com/astral-sh/uv/releases/download/0.11.13/uv-x86_64-unknown-linux-musl.tar.gz"
provenance = "github-attestations"

[tools.uv."platforms.macos-arm64"]
checksum = "sha256:196a58aa24da89144187670df7c407358028984537fbc2f8f2d8f7a2604980df"
url = "https://github.com/astral-sh/uv/releases/download/0.11.13/uv-aarch64-apple-darwin.tar.gz"
provenance = "github-attestations"

[tools.uv."platforms.macos-x64"]
checksum = "sha256:99aad3f4956f5b92efd83eca6d87bf03e10688899487ad541f904c9c25c61dc1"
url = "https://github.com/astral-sh/uv/releases/download/0.11.13/uv-x86_64-apple-darwin.tar.gz"
provenance = "github-attestations"

[tools.uv."platforms.windows-x64"]
checksum = "sha256:0953ac2ef4fbe47ad469bfa80b658a577a02c4d73a2fb9c4c7c70dda432efded"
url = "https://github.com/astral-sh/uv/releases/download/0.11.13/uv-x86_64-pc-windows-msvc.zip"
provenance = "github-attestations"
